
Microsoft Visual Studio Solution File, Format Version 12.00
# Visual Studio Version 16
VisualStudioVersion = 16.0.33027.164
MinimumVisualStudioVersion = 10.0.40219.1
Project("{FAE04EC0-301F-11D3-BF4B-00C04F79EFBC}") = "BNZApp", "BNZApp.csproj", "{2B1EEE6C-937D-4C86-B1FF-FE29267CE046}"
EndProject
Global
	GlobalSection(SolutionConfigurationPlatforms) = preSolution
		Debug|Any CPU = Debug|Any CPU
		Release|Any CPU = Release|Any CPU
	EndGlobalSection
	GlobalSection(ProjectConfigurationPlatforms) = postSolution
		{2B1EEE6C-937D-4C86-B1FF-FE29267CE046}.Debug|Any CPU.ActiveCfg = Debug|Any CPU
		{2B1EEE6C-937D-4C86-B1FF-FE29267CE046}.Debug|Any CPU.Build.0 = Debug|Any CPU
		{2B1EEE6C-937D-4C86-B1FF-FE29267CE046}.Release|Any CPU.ActiveCfg = Release|Any CPU
		{2B1EEE6C-937D-4C86-B1FF-FE29267CE046}.Release|Any CPU.Build.0 = Release|Any CPU
	EndGlobalSection
	GlobalSection(SolutionProperties) = preSolution
		HideSolutionNode = FALSE
	EndGlobalSection
	GlobalSection(ExtensibilityGlobals) = postSolution
		SolutionGuid = {37994E58-A3C5-4094-9E2A-2EBF471C9126}
	EndGlobalSection
EndGlobal
